// !$*UTF8*$!
{
	archiveVersion = 1;
	classes = {
	};
	objectVersion = 50;
	objects = {

/* Begin PBXBuildFile section */
		DA925B6F22783DAB00FFA8FF /* J2K_saverView.h in Headers */ = {isa = PBXBuildFile; fileRef = DA925B6E22783DAB00FFA8FF /* J2K_saverView.h */; };
		DA925B7122783DAB00FFA8FF /* J2K_saverView.m in Sources */ = {isa = PBXBuildFile; fileRef = DA925B7022783DAB00FFA8FF /* J2K_saverView.m */; };
/* End PBXBuildFile section */

/* Begin PBXFileReference section */
		DA925B6B22783DAB00FFA8FF /* J2K-saver.saver */ = {isa = PBXFileReference; explicitFileType = wrapper.cfbundle; includeInIndex = 0; path = "J2K-saver.saver"; sourceTree = BUILT_PRODUCTS_DIR; };
		DA925B6E22783DAB00FFA8FF /* J2K_saverView.h */ = {isa = PBXFileReference; lastKnownFileType = sourcecode.c.h; path = J2K_saverView.h; sourceTree = "<group>"; };
		DA925B7022783DAB00FFA8FF /* J2K_saverView.m */ = {isa = PBXFileReference; lastKnownFileType = sourcecode.c.objc; path = J2K_saverView.m; sourceTree = "<group>"; };
		DA925B7222783DAB00FFA8FF /* Info.plist */ = {isa = PBXFileReference; lastKnownFileType = text.plist.xml; path = Info.plist; sourceTree = "<group>"; };
/* End PBXFileReference section */

/* Begin PBXFrameworksBuildPhase section */
		DA925B6822783DAB00FFA8FF /* Frameworks */ = {
			isa = PBXFrameworksBuildPhase;
			buildActionMask = 2147483647;
			files = (
			);
			runOnlyForDeploymentPostprocessing = 0;
		};
/* End PBXFrameworksBuildPhase section */

/* Begin PBXGroup section */
		DA925B6122783DAB00FFA8FF = {
			isa = PBXGroup;
			children = (
				DA925B6D22783DAB00FFA8FF /* J2K-saver */,
				DA925B6C22783DAB00FFA8FF /* Products */,
			);
			sourceTree = "<group>";
		};
		DA925B6C22783DAB00FFA8FF /* Products */ = {
			isa = PBXGroup;
			children = (
				DA925B6B22783DAB00FFA8FF /* J2K-saver.saver */,
			);
			name = Products;
			sourceTree = "<group>";
		};
		DA925B6D22783DAB00FFA8FF /* J2K-saver */ = {
			isa = PBXGroup;
			children = (
				DA925B6E22783DAB00FFA8FF /* J2K_saverView.h */,
				DA925B7022783DAB00FFA8FF /* J2K_saverView.m */,
				DA925B7222783DAB00FFA8FF /* Info.plist */,
			);
			path = "J2K-saver";
			sourceTree = "<group>";
		};
/* End PBXGroup section */

/* Begin PBXHeadersBuildPhase section */
		DA925B6622783DAB00FFA8FF /* Headers */ = {
			isa = PBXHeadersBuildPhase;
			buildActionMask = 2147483647;
			files = (
				DA925B6F22783DAB00FFA8FF /* J2K_saverView.h in Headers */,
			);
			runOnlyForDeploymentPostprocessing = 0;
		};
/* End PBXHeadersBuildPhase section */

/* Begin PBXNativeTarget section */
		DA925B6A22783DAB00FFA8FF /* J2K-saver */ = {
			isa = PBXNativeTarget;
			buildConfigurationList = DA925B7522783DAB00FFA8FF /* Build configuration list for PBXNativeTarget "J2K-saver" */;
			buildPhases = (
				DA925B6622783DAB00FFA8FF /* Headers */,
				DA925B6722783DAB00FFA8FF /* Sources */,
				DA925B6822783DAB00FFA8FF /* Frameworks */,
				DA925B6922783DAB00FFA8FF /* Resources */,
			);
			buildRules = (
			);
			dependencies = (
			);
			name = "J2K-saver";
			productName = "J2K-saver";
			productReference = DA925B6B22783DAB00FFA8FF /* J2K-saver.saver */;
			productType = "com.apple.product-type.bundle";
		};
/* End PBXNativeTarget section */

/* Begin PBXProject section */
		DA925B6222783DAB00FFA8FF /* Project object */ = {
			isa = PBXProject;
			attributes = {
				LastUpgradeCheck = 1010;
				ORGANIZATIONNAME = Dawninest;
				TargetAttributes = {
					DA925B6A22783DAB00FFA8FF = {
						CreatedOnToolsVersion = 10.1;
					};
				};
			};
			buildConfigurationList = DA925B6522783DAB00FFA8FF /* Build configuration list for PBXProject "J2K-saver" */;
			compatibilityVersion = "Xcode 9.3";
			developmentRegion = en;
			hasScannedForEncodings = 0;
			knownRegions = (
				en,
			);
			mainGroup = DA925B6122783DAB00FFA8FF;
			productRefGroup = DA925B6C22783DAB00FFA8FF /* Products */;
			projectDirPath = "";
			projectRoot = "";
			targets = (
				DA925B6A22783DAB00FFA8FF /* J2K-saver */,
			);
		};
/* End PBXProject section */

/* Begin PBXResourcesBuildPhase section */
		DA925B6922783DAB00FFA8FF /* Resources */ = {
			isa = PBXResourcesBuildPhase;
			buildActionMask = 2147483647;
			files = (
			);
			runOnlyForDeploymentPostprocessing = 0;
		};
/* End PBXResourcesBuildPhase section */

/* Begin PBXSourcesBuildPhase section */
		DA925B6722783DAB00FFA8FF /* Sources */ = {
			isa = PBXSourcesBuildPhase;
			buildActionMask = 2147483647;
			files = (
				DA925B7122783DAB00FFA8FF /* J2K_saverView.m in Sources */,
			);
			runOnlyForDeploymentPostprocessing = 0;
		};
/* End PBXSourcesBuildPhase section */

/* Begin XCBuildConfiguration section */
		DA925B7322783DAB00FFA8FF /* Debug */ = {
			isa = XCBuildConfiguration;
			buildSettings = {
				ALWAYS_SEARCH_USER_PATHS = NO;
				CLANG_ANALYZER_NONNULL = YES;
				CLANG_ANALYZER_NUMBER_OBJECT_CONVERSION = YES_AGGRESSIVE;
				CLANG_CXX_LANGUAGE_STANDARD = "gnu++14";
				CLANG_CXX_LIBRARY = "libc++";
				CLANG_ENABLE_MODULES = YES;
				CLANG_ENABLE_OBJC_ARC = YES;
				CLANG_ENABLE_OBJC_WEAK = YES;
				CLANG_WARN_BLOCK_CAPTURE_AUTORELEASING = YES;
				CLANG_WARN_BOOL_CONVERSION = YES;
				CLANG_WARN_COMMA = YES;
				CLANG_WARN_CONSTANT_CONVERSION = YES;
				CLANG_WARN_DEPRECATED_OBJC_IMPLEMENTATIONS = YES;
				CLANG_WARN_DIRECT_OBJC_ISA_USAGE = YES_ERROR;
				CLANG_WARN_DOCUMENTATION_COMMENTS = YES;
				CLANG_WARN_EMPTY_BODY = YES;
				CLANG_WARN_ENUM_CONVERSION = YES;
				CLANG_WARN_INFINITE_RECURSION = YES;
				CLANG_WARN_INT_CONVERSION = YES;
				CLANG_WARN_NON_LITERAL_NULL_CONVERSION = YES;
				CLANG_WARN_OBJC_IMPLICIT_RETAIN_SELF = YES;
				CLANG_WARN_OBJC_LITERAL_CONVERSION = YES;
				CLANG_WARN_OBJC_ROOT_CLASS = YES_ERROR;
				CLANG_WARN_RANGE_LOOP_ANALYSIS = YES;
				CLANG_WARN_STRICT_PROTOTYPES = YES;
				CLANG_WARN_SUSPICIOUS_MOVE = YES;
				CLANG_WARN_UNGUARDED_AVAILABILITY = YES_AGGRESSIVE;
				CLANG_WARN_UNREACHABLE_CODE = YES;
				CLANG_WARN__DUPLICATE_METHOD_MATCH = YES;
				CODE_SIGN_IDENTITY = "Mac Developer";
				COPY_PHASE_STRIP = NO;
				DEBUG_INFORMATION_FORMAT = dwarf;
				ENABLE_STRICT_OBJC_MSGSEND = YES;
				ENABLE_TESTABILITY = YES;
				GCC_C_LANGUAGE_STANDARD = gnu11;
				GCC_DYNAMIC_NO_PIC = NO;
				GCC_NO_COMMON_BLOCKS = YES;
				GCC_OPTIMIZATION_LEVEL = 0;
				GCC_PREPROCESSOR_DEFINITIONS = (
					"DEBUG=1",
					"$(inherited)",
				);
				GCC_WARN_64_TO_32_BIT_CONVERSION = YES;
				GCC_WARN_ABOUT_RETURN_TYPE = YES_ERROR;
				GCC_WARN_UNDECLARED_SELECTOR = YES;
				GCC_WARN_UNINITIALIZED_AUTOS = YES_AGGRESSIVE;
				GCC_WARN_UNUSED_FUNCTION = YES;
				GCC_WARN_UNUSED_VARIABLE = YES;
				MACOSX_DEPLOYMENT_TARGET = 10.14;
				MTL_ENABLE_DEBUG_INFO = INCLUDE_SOURCE;
				MTL_FAST_MATH = YES;
				ONLY_ACTIVE_ARCH = YES;
				SDKROOT = macosx;
			};
			name = Debug;
		};
		DA925B7422783DAB00FFA8FF /* Release */ = {
			isa = XCBuildConfiguration;
			buildSettings = {
				ALWAYS_SEARCH_USER_PATHS = NO;
				CLANG_ANALYZER_NONNULL = YES;
				CLANG_ANALYZER_NUMBER_OBJECT_CONVERSION = YES_AGGRESSIVE;
				CLANG_CXX_LANGUAGE_STANDARD = "gnu++14";
				CLANG_CXX_LIBRARY = "libc++";
				CLANG_ENABLE_MODULES = YES;
				CLANG_ENABLE_OBJC_ARC = YES;
				CLANG_ENABLE_OBJC_WEAK = YES;
				CLANG_WARN_BLOCK_CAPTURE_AUTORELEASING = YES;
				CLANG_WARN_BOOL_CONVERSION = YES;
				CLANG_WARN_COMMA = YES;
				CLANG_WARN_CONSTANT_CONVERSION = YES;
				CLANG_WARN_DEPRECATED_OBJC_IMPLEMENTATIONS = YES;
				CLANG_WARN_DIRECT_OBJC_ISA_USAGE = YES_ERROR;
				CLANG_WARN_DOCUMENTATION_COMMENTS = YES;
				CLANG_WARN_EMPTY_BODY = YES;
				CLANG_WARN_ENUM_CONVERSION = YES;
				CLANG_WARN_INFINITE_RECURSION = YES;
				CLANG_WARN_INT_CONVERSION = YES;
				CLANG_WARN_NON_LITERAL_NULL_CONVERSION = YES;
				CLANG_WARN_OBJC_IMPLICIT_RETAIN_SELF = YES;
				CLANG_WARN_OBJC_LITERAL_CONVERSION = YES;
				CLANG_WARN_OBJC_ROOT_CLASS = YES_ERROR;
				CLANG_WARN_RANGE_LOOP_ANALYSIS = YES;
				CLANG_WARN_STRICT_PROTOTYPES = YES;
				CLANG_WARN_SUSPICIOUS_MOVE = YES;
				CLANG_WARN_UNGUARDED_AVAILABILITY = YES_AGGRESSIVE;
				CLANG_WARN_UNREACHABLE_CODE = YES;
				CLANG_WARN__DUPLICATE_METHOD_MATCH = YES;
				CODE_SIGN_IDENTITY = "Mac Developer";
				COPY_PHASE_STRIP = NO;
				DEBUG_INFORMATION_FORMAT = "dwarf-with-dsym";
				ENABLE_NS_ASSERTIONS = NO;
				ENABLE_STRICT_OBJC_MSGSEND = YES;
				GCC_C_LANGUAGE_STANDARD = gnu11;
				GCC_NO_COMMON_BLOCKS = YES;
				GCC_WARN_64_TO_32_BIT_CONVERSION = YES;
				GCC_WARN_ABOUT_RETURN_TYPE = YES_ERROR;
				GCC_WARN_UNDECLARED_SELECTOR = YES;
				GCC_WARN_UNINITIALIZED_AUTOS = YES_AGGRESSIVE;
				GCC_WARN_UNUSED_FUNCTION = YES;
				GCC_WARN_UNUSED_VARIABLE = YES;
				MACOSX_DEPLOYMENT_TARGET = 10.14;
				MTL_ENABLE_DEBUG_INFO = NO;
				MTL_FAST_MATH = YES;
				SDKROOT = macosx;
			};
			name = Release;
		};
		DA925B7622783DAB00FFA8FF /* Debug */ = {
			isa = XCBuildConfiguration;
			buildSettings = {
				CODE_SIGN_STYLE = Automatic;
				COMBINE_HIDPI_IMAGES = YES;
				DEVELOPMENT_TEAM = Z6PY763ZB6;
				INFOPLIST_FILE = "J2K-saver/Info.plist";
				INSTALL_PATH = "$(HOME)/Library/Screen Savers";
				MACOSX_DEPLOYMENT_TARGET = 10.10;
				PRODUCT_BUNDLE_IDENTIFIER = "com.dawninest.J2K-saver";
				PRODUCT_NAME = "$(TARGET_NAME)";
				WRAPPER_EXTENSION = saver;
			};
			name = Debug;
		};
		DA925B7722783DAB00FFA8FF /* Release */ = {
			isa = XCBuildConfiguration;
			buildSettings = {
				CODE_SIGN_STYLE = Automatic;
				COMBINE_HIDPI_IMAGES = YES;
				DEVELOPMENT_TEAM = Z6PY763ZB6;
				INFOPLIST_FILE = "J2K-saver/Info.plist";
				INSTALL_PATH = "$(HOME)/Library/Screen Savers";
				MACOSX_DEPLOYMENT_TARGET = 10.10;
				PRODUCT_BUNDLE_IDENTIFIER = "com.dawninest.J2K-saver";
				PRODUCT_NAME = "$(TARGET_NAME)";
				WRAPPER_EXTENSION = saver;
			};
			name = Release;
		};
/* End XCBuildConfiguration section */

/* Begin XCConfigurationList section */
		DA925B6522783DAB00FFA8FF /* Build configuration list for PBXProject "J2K-saver" */ = {
			isa = XCConfigurationList;
			buildConfigurations = (
				DA925B7322783DAB00FFA8FF /* Debug */,
				DA925B7422783DAB00FFA8FF /* Release */,
			);
			defaultConfigurationIsVisible = 0;
			defaultConfigurationName = Release;
		};
		DA925B7522783DAB00FFA8FF /* Build configuration list for PBXNativeTarget "J2K-saver" */ = {
			isa = XCConfigurationList;
			buildConfigurations = (
				DA925B7622783DAB00FFA8FF /* Debug */,
				DA925B7722783DAB00FFA8FF /* Release */,
			);
			defaultConfigurationIsVisible = 0;
			defaultConfigurationName = Release;
		};
/* End XCConfigurationList section */
	};
	rootObject = DA925B6222783DAB00FFA8FF /* Project object */;
}
